
Microsoft Visual Studio Solution File, Format Version 12.00
# Visual Studio Version 16
VisualStudioVersion = 16.0.30104.148
MinimumVisualStudioVersion = 10.0.40219.1
Project("{FAE04EC0-301F-11D3-BF4B-00C04F79EFBC}") = "Parcial1-Ap2-JuanDeDiosFernandezCamilo", "Parcial1-Ap2-JuanDeDiosFernandezCamilo.csproj", "{D0DC039B-0109-439C-9C2C-E3F4400A5041}"
EndProject
Global
	GlobalSection(SolutionConfigurationPlatforms) = preSolution
		Debug|Any CPU = Debug|Any CPU
		Release|Any CPU = Release|Any CPU
	EndGlobalSection
	GlobalSection(ProjectConfigurationPlatforms) = postSolution
		{D0DC039B-0109-439C-9C2C-E3F4400A5041}.Debug|Any CPU.ActiveCfg = Debug|Any CPU
		{D0DC039B-0109-439C-9C2C-E3F4400A5041}.Debug|Any CPU.Build.0 = Debug|Any CPU
		{D0DC039B-0109-439C-9C2C-E3F4400A5041}.Release|Any CPU.ActiveCfg = Release|Any CPU
		{D0DC039B-0109-439C-9C2C-E3F4400A5041}.Release|Any CPU.Build.0 = Release|Any CPU
	EndGlobalSection
	GlobalSection(SolutionProperties) = preSolution
		HideSolutionNode = FALSE
	EndGlobalSection
	GlobalSection(ExtensibilityGlobals) = postSolution
		SolutionGuid = {06D52604-311E-48FA-AC08-365D6FDC72EE}
	EndGlobalSection
EndGlobal
